
Microsoft Visual Studio Solution File, Format Version 12.00
# Visual Studio Version 16
VisualStudioVersion = 16.0.31613.86
MinimumVisualStudioVersion = 10.0.40219.1
Project("{FAE04EC0-301F-11D3-BF4B-00C04F79EFBC}") = "LibraryProject", "LibraryProject\LibraryProject.csproj", "{66F8E06E-0E0B-4F76-AA6B-6EECE01CFBB5}"
EndProject
Global
	GlobalSection(SolutionConfigurationPlatforms) = preSolution
		Debug|Any CPU = Debug|Any CPU
		Release|Any CPU = Release|Any CPU
	EndGlobalSection
	GlobalSection(ProjectConfigurationPlatforms) = postSolution
		{66F8E06E-0E0B-4F76-AA6B-6EECE01CFBB5}.Debug|Any CPU.ActiveCfg = Debug|Any CPU
		{66F8E06E-0E0B-4F76-AA6B-6EECE01CFBB5}.Debug|Any CPU.Build.0 = Debug|Any CPU
		{66F8E06E-0E0B-4F76-AA6B-6EECE01CFBB5}.Release|Any CPU.ActiveCfg = Release|Any CPU
		{66F8E06E-0E0B-4F76-AA6B-6EECE01CFBB5}.Release|Any CPU.Build.0 = Release|Any CPU
	EndGlobalSection
	GlobalSection(SolutionProperties) = preSolution
		HideSolutionNode = FALSE
	EndGlobalSection
	GlobalSection(ExtensibilityGlobals) = postSolution
		SolutionGuid = {AFFF1586-4B17-4C6D-B5A6-9A790CB07CEF}
	EndGlobalSection
EndGlobal
